
Microsoft Visual Studio Solution File, Format Version 12.00
# Visual Studio Version 17
Project("{2150E333-8FDC-42A3-9474-1A3956D46DE8}") = "CMakePredefinedTargets", "CMakePredefinedTargets", "{FA30CC43-9FDE-3BCB-9C55-0FAFD4A805C7}"
EndProject
Project("{2150E333-8FDC-42A3-9474-1A3956D46DE8}") = "External", "External", "{4B85AED4-DF58-30E3-9A98-65670412070F}"
EndProject
Project("{2150E333-8FDC-42A3-9474-1A3956D46DE8}") = "Internal", "Internal", "{6D8C9E3B-F959-3895-B63C-CC7A80C872C8}"
EndProject
Project("{8BC9CEB8-8B4A-11D0-8D11-00A0C91BC942}") = "ALL_BUILD", "ALL_BUILD.vcxproj", "{B1CF862C-0E50-3C0A-9CAF-2FC01C389429}"
	ProjectSection(ProjectDependencies) = postProject
		{4D9E378C-80B5-36D2-9298-9B60F5CD9317} = {4D9E378C-80B5-36D2-9298-9B60F5CD9317}
		{4A0F343C-1D94-368A-AA4C-8C6A25BF11B9} = {4A0F343C-1D94-368A-AA4C-8C6A25BF11B9}
		{6D1C3F89-DBCC-31D0-BDB7-4ED9A7BFD9E0} = {6D1C3F89-DBCC-31D0-BDB7-4ED9A7BFD9E0}
		{9A2CCFB9-B470-318F-8E04-B976DF86FF7B} = {9A2CCFB9-B470-318F-8E04-B976DF86FF7B}
		{0A4B2551-775B-3DE2-922B-B45D3D38FE5E} = {0A4B2551-775B-3DE2-922B-B45D3D38FE5E}
		{C41015D2-64D6-35F6-AB50-BBE61077D244} = {C41015D2-64D6-35F6-AB50-BBE61077D244}
		{4723EAFB-12A7-3F63-9DDC-AA7830703287} = {4723EAFB-12A7-3F63-9DDC-AA7830703287}
		{338C796E-EE6B-351D-9FE8-83873EE84F3D} = {338C796E-EE6B-351D-9FE8-83873EE84F3D}
		{84F4D851-DE96-3E17-BAC1-BB435A0C72FE} = {84F4D851-DE96-3E17-BAC1-BB435A0C72FE}
		{CDE882A5-BDBF-39EB-B1B6-360FA5FCDCB4} = {CDE882A5-BDBF-39EB-B1B6-360FA5FCDCB4}
		{EB714859-4BF2-3FAF-B83E-CD430B7E9236} = {EB714859-4BF2-3FAF-B83E-CD430B7E9236}
		{B76088A6-0949-3885-B309-3E603FAEFD68} = {B76088A6-0949-3885-B309-3E603FAEFD68}
		{7F870084-EF46-36B3-945A-45E379C452F1} = {7F870084-EF46-36B3-945A-45E379C452F1}
	EndProjectSection
EndProject
Project("{8BC9CEB8-8B4A-11D0-8D11-00A0C91BC942}") = "ZERO_CHECK", "..\..\..\\ZERO_CHECK.vcxproj", "{4D9E378C-80B5-36D2-9298-9B60F5CD9317}"
	ProjectSection(ProjectDependencies) = postProject
	EndProjectSection
EndProject
Project("{8BC9CEB8-8B4A-11D0-8D11-00A0C91BC942}") = "cocos2d", "cocos2d.vcxproj", "{4A0F343C-1D94-368A-AA4C-8C6A25BF11B9}"
	ProjectSection(ProjectDependencies) = postProject
		{4D9E378C-80B5-36D2-9298-9B60F5CD9317} = {4D9E378C-80B5-36D2-9298-9B60F5CD9317}
		{6D1C3F89-DBCC-31D0-BDB7-4ED9A7BFD9E0} = {6D1C3F89-DBCC-31D0-BDB7-4ED9A7BFD9E0}
		{9A2CCFB9-B470-318F-8E04-B976DF86FF7B} = {9A2CCFB9-B470-318F-8E04-B976DF86FF7B}
		{0A4B2551-775B-3DE2-922B-B45D3D38FE5E} = {0A4B2551-775B-3DE2-922B-B45D3D38FE5E}
		{C41015D2-64D6-35F6-AB50-BBE61077D244} = {C41015D2-64D6-35F6-AB50-BBE61077D244}
		{4723EAFB-12A7-3F63-9DDC-AA7830703287} = {4723EAFB-12A7-3F63-9DDC-AA7830703287}
		{338C796E-EE6B-351D-9FE8-83873EE84F3D} = {338C796E-EE6B-351D-9FE8-83873EE84F3D}
		{84F4D851-DE96-3E17-BAC1-BB435A0C72FE} = {84F4D851-DE96-3E17-BAC1-BB435A0C72FE}
		{CDE882A5-BDBF-39EB-B1B6-360FA5FCDCB4} = {CDE882A5-BDBF-39EB-B1B6-360FA5FCDCB4}
		{EB714859-4BF2-3FAF-B83E-CD430B7E9236} = {EB714859-4BF2-3FAF-B83E-CD430B7E9236}
		{B76088A6-0949-3885-B309-3E603FAEFD68} = {B76088A6-0949-3885-B309-3E603FAEFD68}
		{7F870084-EF46-36B3-945A-45E379C452F1} = {7F870084-EF46-36B3-945A-45E379C452F1}
	EndProjectSection
EndProject
Project("{8BC9CEB8-8B4A-11D0-8D11-00A0C91BC942}") = "ext_clipper", "..\..\external\clipper\ext_clipper.vcxproj", "{6D1C3F89-DBCC-31D0-BDB7-4ED9A7BFD9E0}"
	ProjectSection(ProjectDependencies) = postProject
		{4D9E378C-80B5-36D2-9298-9B60F5CD9317} = {4D9E378C-80B5-36D2-9298-9B60F5CD9317}
	EndProjectSection
EndProject
Project("{8BC9CEB8-8B4A-11D0-8D11-00A0C91BC942}") = "ext_convertUTF", "..\..\external\ConvertUTF\ext_convertUTF.vcxproj", "{9A2CCFB9-B470-318F-8E04-B976DF86FF7B}"
	ProjectSection(ProjectDependencies) = postProject
		{4D9E378C-80B5-36D2-9298-9B60F5CD9317} = {4D9E378C-80B5-36D2-9298-9B60F5CD9317}
	EndProjectSection
EndProject
Project("{8BC9CEB8-8B4A-11D0-8D11-00A0C91BC942}") = "ext_edtaa3func", "..\..\external\edtaa3func\ext_edtaa3func.vcxproj", "{0A4B2551-775B-3DE2-922B-B45D3D38FE5E}"
	ProjectSection(ProjectDependencies) = postProject
		{4D9E378C-80B5-36D2-9298-9B60F5CD9317} = {4D9E378C-80B5-36D2-9298-9B60F5CD9317}
	EndProjectSection
EndProject
Project("{8BC9CEB8-8B4A-11D0-8D11-00A0C91BC942}") = "ext_md5", "..\..\external\md5\ext_md5.vcxproj", "{C41015D2-64D6-35F6-AB50-BBE61077D244}"
	ProjectSection(ProjectDependencies) = postProject
		{4D9E378C-80B5-36D2-9298-9B60F5CD9317} = {4D9E378C-80B5-36D2-9298-9B60F5CD9317}
	EndProjectSection
EndProject
Project("{8BC9CEB8-8B4A-11D0-8D11-00A0C91BC942}") = "ext_poly2tri", "..\..\external\poly2tri\ext_poly2tri.vcxproj", "{4723EAFB-12A7-3F63-9DDC-AA7830703287}"
	ProjectSection(ProjectDependencies) = postProject
		{4D9E378C-80B5-36D2-9298-9B60F5CD9317} = {4D9E378C-80B5-36D2-9298-9B60F5CD9317}
	EndProjectSection
EndProject
Project("{8BC9CEB8-8B4A-11D0-8D11-00A0C91BC942}") = "ext_recast", "..\..\external\recast\ext_recast.vcxproj", "{338C796E-EE6B-351D-9FE8-83873EE84F3D}"
	ProjectSection(ProjectDependencies) = postProject
		{4D9E378C-80B5-36D2-9298-9B60F5CD9317} = {4D9E378C-80B5-36D2-9298-9B60F5CD9317}
	EndProjectSection
EndProject
Project("{8BC9CEB8-8B4A-11D0-8D11-00A0C91BC942}") = "ext_tinyxml2", "..\..\external\tinyxml2\ext_tinyxml2.vcxproj", "{84F4D851-DE96-3E17-BAC1-BB435A0C72FE}"
	ProjectSection(ProjectDependencies) = postProject
		{4D9E378C-80B5-36D2-9298-9B60F5CD9317} = {4D9E378C-80B5-36D2-9298-9B60F5CD9317}
	EndProjectSection
EndProject
Project("{8BC9CEB8-8B4A-11D0-8D11-00A0C91BC942}") = "ext_unzip", "..\..\external\unzip\ext_unzip.vcxproj", "{CDE882A5-BDBF-39EB-B1B6-360FA5FCDCB4}"
	ProjectSection(ProjectDependencies) = postProject
		{4D9E378C-80B5-36D2-9298-9B60F5CD9317} = {4D9E378C-80B5-36D2-9298-9B60F5CD9317}
	EndProjectSection
EndProject
Project("{8BC9CEB8-8B4A-11D0-8D11-00A0C91BC942}") = "ext_xxhash", "..\..\external\xxhash\ext_xxhash.vcxproj", "{EB714859-4BF2-3FAF-B83E-CD430B7E9236}"
	ProjectSection(ProjectDependencies) = postProject
		{4D9E378C-80B5-36D2-9298-9B60F5CD9317} = {4D9E378C-80B5-36D2-9298-9B60F5CD9317}
	EndProjectSection
EndProject
Project("{8BC9CEB8-8B4A-11D0-8D11-00A0C91BC942}") = "ext_xxtea", "..\..\external\xxtea\ext_xxtea.vcxproj", "{B76088A6-0949-3885-B309-3E603FAEFD68}"
	ProjectSection(ProjectDependencies) = postProject
		{4D9E378C-80B5-36D2-9298-9B60F5CD9317} = {4D9E378C-80B5-36D2-9298-9B60F5CD9317}
	EndProjectSection
EndProject
Project("{8BC9CEB8-8B4A-11D0-8D11-00A0C91BC942}") = "external", "..\..\external\external.vcxproj", "{7F870084-EF46-36B3-945A-45E379C452F1}"
	ProjectSection(ProjectDependencies) = postProject
		{4D9E378C-80B5-36D2-9298-9B60F5CD9317} = {4D9E378C-80B5-36D2-9298-9B60F5CD9317}
		{6D1C3F89-DBCC-31D0-BDB7-4ED9A7BFD9E0} = {6D1C3F89-DBCC-31D0-BDB7-4ED9A7BFD9E0}
		{9A2CCFB9-B470-318F-8E04-B976DF86FF7B} = {9A2CCFB9-B470-318F-8E04-B976DF86FF7B}
		{0A4B2551-775B-3DE2-922B-B45D3D38FE5E} = {0A4B2551-775B-3DE2-922B-B45D3D38FE5E}
		{C41015D2-64D6-35F6-AB50-BBE61077D244} = {C41015D2-64D6-35F6-AB50-BBE61077D244}
		{4723EAFB-12A7-3F63-9DDC-AA7830703287} = {4723EAFB-12A7-3F63-9DDC-AA7830703287}
		{338C796E-EE6B-351D-9FE8-83873EE84F3D} = {338C796E-EE6B-351D-9FE8-83873EE84F3D}
		{84F4D851-DE96-3E17-BAC1-BB435A0C72FE} = {84F4D851-DE96-3E17-BAC1-BB435A0C72FE}
		{CDE882A5-BDBF-39EB-B1B6-360FA5FCDCB4} = {CDE882A5-BDBF-39EB-B1B6-360FA5FCDCB4}
		{EB714859-4BF2-3FAF-B83E-CD430B7E9236} = {EB714859-4BF2-3FAF-B83E-CD430B7E9236}
		{B76088A6-0949-3885-B309-3E603FAEFD68} = {B76088A6-0949-3885-B309-3E603FAEFD68}
	EndProjectSection
EndProject
Global
	GlobalSection(SolutionConfigurationPlatforms) = preSolution
		Debug|Win32 = Debug|Win32
		Release|Win32 = Release|Win32
		MinSizeRel|Win32 = MinSizeRel|Win32
		RelWithDebInfo|Win32 = RelWithDebInfo|Win32
	EndGlobalSection
	GlobalSection(ProjectConfigurationPlatforms) = postSolution
		{B1CF862C-0E50-3C0A-9CAF-2FC01C389429}.Debug|Win32.ActiveCfg = Debug|Win32
		{B1CF862C-0E50-3C0A-9CAF-2FC01C389429}.Release|Win32.ActiveCfg = Release|Win32
		{B1CF862C-0E50-3C0A-9CAF-2FC01C389429}.MinSizeRel|Win32.ActiveCfg = MinSizeRel|Win32
		{B1CF862C-0E50-3C0A-9CAF-2FC01C389429}.RelWithDebInfo|Win32.ActiveCfg = RelWithDebInfo|Win32
		{4D9E378C-80B5-36D2-9298-9B60F5CD9317}.Debug|Win32.ActiveCfg = Debug|Win32
		{4D9E378C-80B5-36D2-9298-9B60F5CD9317}.Debug|Win32.Build.0 = Debug|Win32
		{4D9E378C-80B5-36D2-9298-9B60F5CD9317}.Release|Win32.ActiveCfg = Release|Win32
		{4D9E378C-80B5-36D2-9298-9B60F5CD9317}.Release|Win32.Build.0 = Release|Win32
		{4D9E378C-80B5-36D2-9298-9B60F5CD9317}.MinSizeRel|Win32.ActiveCfg = MinSizeRel|Win32
		{4D9E378C-80B5-36D2-9298-9B60F5CD9317}.MinSizeRel|Win32.Build.0 = MinSizeRel|Win32
		{4D9E378C-80B5-36D2-9298-9B60F5CD9317}.RelWithDebInfo|Win32.ActiveCfg = RelWithDebInfo|Win32
		{4D9E378C-80B5-36D2-9298-9B60F5CD9317}.RelWithDebInfo|Win32.Build.0 = RelWithDebInfo|Win32
		{4A0F343C-1D94-368A-AA4C-8C6A25BF11B9}.Debug|Win32.ActiveCfg = Debug|Win32
		{4A0F343C-1D94-368A-AA4C-8C6A25BF11B9}.Debug|Win32.Build.0 = Debug|Win32
		{4A0F343C-1D94-368A-AA4C-8C6A25BF11B9}.Release|Win32.ActiveCfg = Release|Win32
		{4A0F343C-1D94-368A-AA4C-8C6A25BF11B9}.Release|Win32.Build.0 = Release|Win32
		{4A0F343C-1D94-368A-AA4C-8C6A25BF11B9}.MinSizeRel|Win32.ActiveCfg = MinSizeRel|Win32
		{4A0F343C-1D94-368A-AA4C-8C6A25BF11B9}.MinSizeRel|Win32.Build.0 = MinSizeRel|Win32
		{4A0F343C-1D94-368A-AA4C-8C6A25BF11B9}.RelWithDebInfo|Win32.ActiveCfg = RelWithDebInfo|Win32
		{4A0F343C-1D94-368A-AA4C-8C6A25BF11B9}.RelWithDebInfo|Win32.Build.0 = RelWithDebInfo|Win32
		{6D1C3F89-DBCC-31D0-BDB7-4ED9A7BFD9E0}.Debug|Win32.ActiveCfg = Debug|Win32
		{6D1C3F89-DBCC-31D0-BDB7-4ED9A7BFD9E0}.Debug|Win32.Build.0 = Debug|Win32
		{6D1C3F89-DBCC-31D0-BDB7-4ED9A7BFD9E0}.Release|Win32.ActiveCfg = Release|Win32
		{6D1C3F89-DBCC-31D0-BDB7-4ED9A7BFD9E0}.Release|Win32.Build.0 = Release|Win32
		{6D1C3F89-DBCC-31D0-BDB7-4ED9A7BFD9E0}.MinSizeRel|Win32.ActiveCfg = MinSizeRel|Win32
		{6D1C3F89-DBCC-31D0-BDB7-4ED9A7BFD9E0}.MinSizeRel|Win32.Build.0 = MinSizeRel|Win32
		{6D1C3F89-DBCC-31D0-BDB7-4ED9A7BFD9E0}.RelWithDebInfo|Win32.ActiveCfg = RelWithDebInfo|Win32
		{6D1C3F89-DBCC-31D0-BDB7-4ED9A7BFD9E0}.RelWithDebInfo|Win32.Build.0 = RelWithDebInfo|Win32
		{9A2CCFB9-B470-318F-8E04-B976DF86FF7B}.Debug|Win32.ActiveCfg = Debug|Win32
		{9A2CCFB9-B470-318F-8E04-B976DF86FF7B}.Debug|Win32.Build.0 = Debug|Win32
		{9A2CCFB9-B470-318F-8E04-B976DF86FF7B}.Release|Win32.ActiveCfg = Release|Win32
		{9A2CCFB9-B470-318F-8E04-B976DF86FF7B}.Release|Win32.Build.0 = Release|Win32
		{9A2CCFB9-B470-318F-8E04-B976DF86FF7B}.MinSizeRel|Win32.ActiveCfg = MinSizeRel|Win32
		{9A2CCFB9-B470-318F-8E04-B976DF86FF7B}.MinSizeRel|Win32.Build.0 = MinSizeRel|Win32
		{9A2CCFB9-B470-318F-8E04-B976DF86FF7B}.RelWithDebInfo|Win32.ActiveCfg = RelWithDebInfo|Win32
		{9A2CCFB9-B470-318F-8E04-B976DF86FF7B}.RelWithDebInfo|Win32.Build.0 = RelWithDebInfo|Win32
		{0A4B2551-775B-3DE2-922B-B45D3D38FE5E}.Debug|Win32.ActiveCfg = Debug|Win32
		{0A4B2551-775B-3DE2-922B-B45D3D38FE5E}.Debug|Win32.Build.0 = Debug|Win32
		{0A4B2551-775B-3DE2-922B-B45D3D38FE5E}.Release|Win32.ActiveCfg = Release|Win32
		{0A4B2551-775B-3DE2-922B-B45D3D38FE5E}.Release|Win32.Build.0 = Release|Win32
		{0A4B2551-775B-3DE2-922B-B45D3D38FE5E}.MinSizeRel|Win32.ActiveCfg = MinSizeRel|Win32
		{0A4B2551-775B-3DE2-922B-B45D3D38FE5E}.MinSizeRel|Win32.Build.0 = MinSizeRel|Win32
		{0A4B2551-775B-3DE2-922B-B45D3D38FE5E}.RelWithDebInfo|Win32.ActiveCfg = RelWithDebInfo|Win32
		{0A4B2551-775B-3DE2-922B-B45D3D38FE5E}.RelWithDebInfo|Win32.Build.0 = RelWithDebInfo|Win32
		{C41015D2-64D6-35F6-AB50-BBE61077D244}.Debug|Win32.ActiveCfg = Debug|Win32
		{C41015D2-64D6-35F6-AB50-BBE61077D244}.Debug|Win32.Build.0 = Debug|Win32
		{C41015D2-64D6-35F6-AB50-BBE61077D244}.Release|Win32.ActiveCfg = Release|Win32
		{C41015D2-64D6-35F6-AB50-BBE61077D244}.Release|Win32.Build.0 = Release|Win32
		{C41015D2-64D6-35F6-AB50-BBE61077D244}.MinSizeRel|Win32.ActiveCfg = MinSizeRel|Win32
		{C41015D2-64D6-35F6-AB50-BBE61077D244}.MinSizeRel|Win32.Build.0 = MinSizeRel|Win32
		{C41015D2-64D6-35F6-AB50-BBE61077D244}.RelWithDebInfo|Win32.ActiveCfg = RelWithDebInfo|Win32
		{C41015D2-64D6-35F6-AB50-BBE61077D244}.RelWithDebInfo|Win32.Build.0 = RelWithDebInfo|Win32
		{4723EAFB-12A7-3F63-9DDC-AA7830703287}.Debug|Win32.ActiveCfg = Debug|Win32
		{4723EAFB-12A7-3F63-9DDC-AA7830703287}.Debug|Win32.Build.0 = Debug|Win32
		{4723EAFB-12A7-3F63-9DDC-AA7830703287}.Release|Win32.ActiveCfg = Release|Win32
		{4723EAFB-12A7-3F63-9DDC-AA7830703287}.Release|Win32.Build.0 = Release|Win32
		{4723EAFB-12A7-3F63-9DDC-AA7830703287}.MinSizeRel|Win32.ActiveCfg = MinSizeRel|Win32
		{4723EAFB-12A7-3F63-9DDC-AA7830703287}.MinSizeRel|Win32.Build.0 = MinSizeRel|Win32
		{4723EAFB-12A7-3F63-9DDC-AA7830703287}.RelWithDebInfo|Win32.ActiveCfg = RelWithDebInfo|Win32
		{4723EAFB-12A7-3F63-9DDC-AA7830703287}.RelWithDebInfo|Win32.Build.0 = RelWithDebInfo|Win32
		{338C796E-EE6B-351D-9FE8-83873EE84F3D}.Debug|Win32.ActiveCfg = Debug|Win32
		{338C796E-EE6B-351D-9FE8-83873EE84F3D}.Debug|Win32.Build.0 = Debug|Win32
		{338C796E-EE6B-351D-9FE8-83873EE84F3D}.Release|Win32.ActiveCfg = Release|Win32
		{338C796E-EE6B-351D-9FE8-83873EE84F3D}.Release|Win32.Build.0 = Release|Win32
		{338C796E-EE6B-351D-9FE8-83873EE84F3D}.MinSizeRel|Win32.ActiveCfg = MinSizeRel|Win32
		{338C796E-EE6B-351D-9FE8-83873EE84F3D}.MinSizeRel|Win32.Build.0 = MinSizeRel|Win32
		{338C796E-EE6B-351D-9FE8-83873EE84F3D}.RelWithDebInfo|Win32.ActiveCfg = RelWithDebInfo|Win32
		{338C796E-EE6B-351D-9FE8-83873EE84F3D}.RelWithDebInfo|Win32.Build.0 = RelWithDebInfo|Win32
		{84F4D851-DE96-3E17-BAC1-BB435A0C72FE}.Debug|Win32.ActiveCfg = Debug|Win32
		{84F4D851-DE96-3E17-BAC1-BB435A0C72FE}.Debug|Win32.Build.0 = Debug|Win32
		{84F4D851-DE96-3E17-BAC1-BB435A0C72FE}.Release|Win32.ActiveCfg = Release|Win32
		{84F4D851-DE96-3E17-BAC1-BB435A0C72FE}.Release|Win32.Build.0 = Release|Win32
		{84F4D851-DE96-3E17-BAC1-BB435A0C72FE}.MinSizeRel|Win32.ActiveCfg = MinSizeRel|Win32
		{84F4D851-DE96-3E17-BAC1-BB435A0C72FE}.MinSizeRel|Win32.Build.0 = MinSizeRel|Win32
		{84F4D851-DE96-3E17-BAC1-BB435A0C72FE}.RelWithDebInfo|Win32.ActiveCfg = RelWithDebInfo|Win32
		{84F4D851-DE96-3E17-BAC1-BB435A0C72FE}.RelWithDebInfo|Win32.Build.0 = RelWithDebInfo|Win32
		{CDE882A5-BDBF-39EB-B1B6-360FA5FCDCB4}.Debug|Win32.ActiveCfg = Debug|Win32
		{CDE882A5-BDBF-39EB-B1B6-360FA5FCDCB4}.Debug|Win32.Build.0 = Debug|Win32
		{CDE882A5-BDBF-39EB-B1B6-360FA5FCDCB4}.Release|Win32.ActiveCfg = Release|Win32
		{CDE882A5-BDBF-39EB-B1B6-360FA5FCDCB4}.Release|Win32.Build.0 = Release|Win32
		{CDE882A5-BDBF-39EB-B1B6-360FA5FCDCB4}.MinSizeRel|Win32.ActiveCfg = MinSizeRel|Win32
		{CDE882A5-BDBF-39EB-B1B6-360FA5FCDCB4}.MinSizeRel|Win32.Build.0 = MinSizeRel|Win32
		{CDE882A5-BDBF-39EB-B1B6-360FA5FCDCB4}.RelWithDebInfo|Win32.ActiveCfg = RelWithDebInfo|Win32
		{CDE882A5-BDBF-39EB-B1B6-360FA5FCDCB4}.RelWithDebInfo|Win32.Build.0 = RelWithDebInfo|Win32
		{EB714859-4BF2-3FAF-B83E-CD430B7E9236}.Debug|Win32.ActiveCfg = Debug|Win32
		{EB714859-4BF2-3FAF-B83E-CD430B7E9236}.Debug|Win32.Build.0 = Debug|Win32
		{EB714859-4BF2-3FAF-B83E-CD430B7E9236}.Release|Win32.ActiveCfg = Release|Win32
		{EB714859-4BF2-3FAF-B83E-CD430B7E9236}.Release|Win32.Build.0 = Release|Win32
		{EB714859-4BF2-3FAF-B83E-CD430B7E9236}.MinSizeRel|Win32.ActiveCfg = MinSizeRel|Win32
		{EB714859-4BF2-3FAF-B83E-CD430B7E9236}.MinSizeRel|Win32.Build.0 = MinSizeRel|Win32
		{EB714859-4BF2-3FAF-B83E-CD430B7E9236}.RelWithDebInfo|Win32.ActiveCfg = RelWithDebInfo|Win32
		{EB714859-4BF2-3FAF-B83E-CD430B7E9236}.RelWithDebInfo|Win32.Build.0 = RelWithDebInfo|Win32
		{B76088A6-0949-3885-B309-3E603FAEFD68}.Debug|Win32.ActiveCfg = Debug|Win32
		{B76088A6-0949-3885-B309-3E603FAEFD68}.Debug|Win32.Build.0 = Debug|Win32
		{B76088A6-0949-3885-B309-3E603FAEFD68}.Release|Win32.ActiveCfg = Release|Win32
		{B76088A6-0949-3885-B309-3E603FAEFD68}.Release|Win32.Build.0 = Release|Win32
		{B76088A6-0949-3885-B309-3E603FAEFD68}.MinSizeRel|Win32.ActiveCfg = MinSizeRel|Win32
		{B76088A6-0949-3885-B309-3E603FAEFD68}.MinSizeRel|Win32.Build.0 = MinSizeRel|Win32
		{B76088A6-0949-3885-B309-3E603FAEFD68}.RelWithDebInfo|Win32.ActiveCfg = RelWithDebInfo|Win32
		{B76088A6-0949-3885-B309-3E603FAEFD68}.RelWithDebInfo|Win32.Build.0 = RelWithDebInfo|Win32
		{7F870084-EF46-36B3-945A-45E379C452F1}.Debug|Win32.ActiveCfg = Debug|Win32
		{7F870084-EF46-36B3-945A-45E379C452F1}.Debug|Win32.Build.0 = Debug|Win32
		{7F870084-EF46-36B3-945A-45E379C452F1}.Release|Win32.ActiveCfg = Release|Win32
		{7F870084-EF46-36B3-945A-45E379C452F1}.Release|Win32.Build.0 = Release|Win32
		{7F870084-EF46-36B3-945A-45E379C452F1}.MinSizeRel|Win32.ActiveCfg = MinSizeRel|Win32
		{7F870084-EF46-36B3-945A-45E379C452F1}.MinSizeRel|Win32.Build.0 = MinSizeRel|Win32
		{7F870084-EF46-36B3-945A-45E379C452F1}.RelWithDebInfo|Win32.ActiveCfg = RelWithDebInfo|Win32
		{7F870084-EF46-36B3-945A-45E379C452F1}.RelWithDebInfo|Win32.Build.0 = RelWithDebInfo|Win32
	EndGlobalSection
	GlobalSection(NestedProjects) = preSolution
		{B1CF862C-0E50-3C0A-9CAF-2FC01C389429} = {FA30CC43-9FDE-3BCB-9C55-0FAFD4A805C7}
		{4D9E378C-80B5-36D2-9298-9B60F5CD9317} = {FA30CC43-9FDE-3BCB-9C55-0FAFD4A805C7}
		{6D1C3F89-DBCC-31D0-BDB7-4ED9A7BFD9E0} = {4B85AED4-DF58-30E3-9A98-65670412070F}
		{9A2CCFB9-B470-318F-8E04-B976DF86FF7B} = {4B85AED4-DF58-30E3-9A98-65670412070F}
		{0A4B2551-775B-3DE2-922B-B45D3D38FE5E} = {4B85AED4-DF58-30E3-9A98-65670412070F}
		{C41015D2-64D6-35F6-AB50-BBE61077D244} = {4B85AED4-DF58-30E3-9A98-65670412070F}
		{4723EAFB-12A7-3F63-9DDC-AA7830703287} = {4B85AED4-DF58-30E3-9A98-65670412070F}
		{338C796E-EE6B-351D-9FE8-83873EE84F3D} = {4B85AED4-DF58-30E3-9A98-65670412070F}
		{84F4D851-DE96-3E17-BAC1-BB435A0C72FE} = {4B85AED4-DF58-30E3-9A98-65670412070F}
		{CDE882A5-BDBF-39EB-B1B6-360FA5FCDCB4} = {4B85AED4-DF58-30E3-9A98-65670412070F}
		{EB714859-4BF2-3FAF-B83E-CD430B7E9236} = {4B85AED4-DF58-30E3-9A98-65670412070F}
		{B76088A6-0949-3885-B309-3E603FAEFD68} = {4B85AED4-DF58-30E3-9A98-65670412070F}
		{7F870084-EF46-36B3-945A-45E379C452F1} = {4B85AED4-DF58-30E3-9A98-65670412070F}
		{4A0F343C-1D94-368A-AA4C-8C6A25BF11B9} = {6D8C9E3B-F959-3895-B63C-CC7A80C872C8}
	EndGlobalSection
	GlobalSection(ExtensibilityGlobals) = postSolution
		SolutionGuid = {82A564A0-6FA4-324D-BDC3-91B8A3ED9FAA}
	EndGlobalSection
	GlobalSection(ExtensibilityAddIns) = postSolution
	EndGlobalSection
EndGlobal
